speakeasyVersion: 1.651.0
sources:
    my-source:
        sourceNamespace: my-source
        sourceRevisionDigest: sha256:cf06620f5223df5db754852b3dbd719f7a23e24ffeb50b1525f8aadce09ac6be
        sourceBlobDigest: sha256:d0d47bca78171e48be206f9e8d276a567b8bc21b091378b7f2df0573b5ecec68
        tags:
            - latest
            - speakeasy-sdk-regen-1762561569
            - "1.0"
targets:
    java-target:
        source: my-source
        sourceNamespace: my-source
        sourceRevisionDigest: sha256:cf06620f5223df5db754852b3dbd719f7a23e24ffeb50b1525f8aadce09ac6be
        sourceBlobDigest: sha256:d0d47bca78171e48be206f9e8d276a567b8bc21b091378b7f2df0573b5ecec68
        codeSamplesNamespace: my-source-java-code-samples
        codeSamplesRevisionDigest: sha256:64bb2d2600c8070acfaef9dd275229c69cea00eba37f8f4f7995b531e8a1ed62
workflow:
    workflowVersion: 1.0.0
    speakeasyVersion: latest
    sources:
        my-source:
            inputs:
                - location: https://api.unified.to/openapi.json
            registry:
                location: registry.speakeasyapi.dev/unified/unified/my-source
    targets:
        java-target:
            target: java
            source: my-source
            publish:
                java:
                    ossrhUsername: $ossrh_username
                    ossrhPassword: $ossrh_password
                    gpgSecretKey: $java_gpg_secret_key
                    gpgPassPhrase: $java_gpg_passphrase
            codeSamples:
                registry:
                    location: registry.speakeasyapi.dev/unified/unified/my-source-java-code-samples
                blocking: false
