speakeasyVersion: 1.460.3
sources:
    my-source:
        sourceNamespace: my-source
        sourceRevisionDigest: sha256:462811dfe92eb282e5fa846788bd4b40f4d35d0f278151e8b59a40bd36a1e24f
        sourceBlobDigest: sha256:e2f0f313f09def4e721900d28263b3522ae93ae37e4efe39b2453b7a89d813d0
        tags:
            - latest
            - speakeasy-sdk-regen-1735689931
            - "1.0"
targets:
    java-target:
        source: my-source
        sourceNamespace: my-source
        sourceRevisionDigest: sha256:462811dfe92eb282e5fa846788bd4b40f4d35d0f278151e8b59a40bd36a1e24f
        sourceBlobDigest: sha256:e2f0f313f09def4e721900d28263b3522ae93ae37e4efe39b2453b7a89d813d0
        codeSamplesNamespace: my-source-java-code-samples
        codeSamplesRevisionDigest: sha256:84302c3ea6067a6b9dc03418636cbdf5be3f8dc8b4a95c963dff12826aa1614e
workflow:
    workflowVersion: 1.0.0
    speakeasyVersion: latest
    sources:
        my-source:
            inputs:
                - location: https://api.unified.to/openapi.json
                  authSecret: $openapi_doc_auth_token
            registry:
                location: registry.speakeasyapi.dev/unified/unified/my-source
    targets:
        java-target:
            target: java
            source: my-source
            codeSamples:
                registry:
                    location: registry.speakeasyapi.dev/unified/unified/my-source-java-code-samples
                blocking: false
