speakeasyVersion: 1.795.3
sources:
    my-source:
        sourceNamespace: my-source
        sourceRevisionDigest: sha256:f2bd2a22592ac1c6a7f344539d0ce2a79c121dc0ddf314f42b7b12500d3d5573
        sourceBlobDigest: sha256:9c7ee2a83843967ef2c837b4de61ab112090769368fd15fbd703d40ed3f5098c
        tags:
            - latest
            - "1.0"
targets:
    java-target:
        source: my-source
        sourceNamespace: my-source
        sourceRevisionDigest: sha256:f2bd2a22592ac1c6a7f344539d0ce2a79c121dc0ddf314f42b7b12500d3d5573
        sourceBlobDigest: sha256:9c7ee2a83843967ef2c837b4de61ab112090769368fd15fbd703d40ed3f5098c
        codeSamplesNamespace: my-source-java-code-samples
        codeSamplesRevisionDigest: sha256:02a551b05ead9877eb8608e0c9dc0276dce632b8617523be6baea3ce654a253b
workflow:
    workflowVersion: 1.0.0
    speakeasyVersion: latest
    sources:
        my-source:
            inputs:
                - location: https://api.unified.to/openapi.json
            registry:
                location: registry.speakeasyapi.dev/unified/unified/my-source
    targets:
        java-target:
            target: java
            source: my-source
            publish:
                java:
                    ossrhUsername: $ossrh_username
                    ossrhPassword: $ossrh_password
                    gpgSecretKey: $java_gpg_secret_key
                    gpgPassPhrase: $java_gpg_passphrase
            codeSamples:
                registry:
                    location: registry.speakeasyapi.dev/unified/unified/my-source-java-code-samples
                blocking: false
